
Microsoft Visual Studio Solution File, Format Version 12.00
# Visual Studio Version 17
VisualStudioVersion = 17.4.33213.308
MinimumVisualStudioVersion = 10.0.40219.1
Project("{9A19103F-16F7-4668-BE54-9A1E7A4F7556}") = "PetProject.Web", "PetProject.Web\PetProject.Web.csproj", "{310D23F6-776B-4AC0-8DA2-C0C4A70663DF}"
	ProjectSection(ProjectDependencies) = postProject
		{48497565-3041-494D-9BC3-F99167A908A5} = {48497565-3041-494D-9BC3-F99167A908A5}
		{8EF7E41C-66A2-418B-8B39-9C8CA7B2B910} = {8EF7E41C-66A2-418B-8B39-9C8CA7B2B910}
	EndProjectSection
EndProject
Project("{9A19103F-16F7-4668-BE54-9A1E7A4F7556}") = "PetProject.Orchestrators", "PetProject.Orchestrators\PetProject.Orchestrators.csproj", "{8EF7E41C-66A2-418B-8B39-9C8CA7B2B910}"
	ProjectSection(ProjectDependencies) = postProject
		{48497565-3041-494D-9BC3-F99167A908A5} = {48497565-3041-494D-9BC3-F99167A908A5}
		{FE19295C-3F44-4ED6-9AA0-98AAB8A7153A} = {FE19295C-3F44-4ED6-9AA0-98AAB8A7153A}
	EndProjectSection
EndProject
Project("{9A19103F-16F7-4668-BE54-9A1E7A4F7556}") = "PetProject.Models", "PetProject.Models\PetProject.Models.csproj", "{48497565-3041-494D-9BC3-F99167A908A5}"
EndProject
Project("{9A19103F-16F7-4668-BE54-9A1E7A4F7556}") = "PetProject.DbUpdater", "PetProject.DbUpdater\PetProject.DbUpdater.csproj", "{FE19295C-3F44-4ED6-9AA0-98AAB8A7153A}"
	ProjectSection(ProjectDependencies) = postProject
		{48497565-3041-494D-9BC3-F99167A908A5} = {48497565-3041-494D-9BC3-F99167A908A5}
	EndProjectSection
EndProject
Project("{9A19103F-16F7-4668-BE54-9A1E7A4F7556}") = "PetProject.DataContext.MsSql", "PetProject.DataContext.MsSql\PetProject.DataContext.MsSql.csproj", "{A0AEEB59-F060-462B-97E6-BDD1F468A7A9}"
EndProject
Project("{FAE04EC0-301F-11D3-BF4B-00C04F79EFBC}") = "PetProject.DataContext", "PetProject.DataContext\PetProject.DataContext.csproj", "{3FC6CD0C-B0C7-4375-A01F-5BBD200B2028}"
EndProject
Global
	GlobalSection(SolutionConfigurationPlatforms) = preSolution
		Debug|Any CPU = Debug|Any CPU
		Release|Any CPU = Release|Any CPU
	EndGlobalSection
	GlobalSection(ProjectConfigurationPlatforms) = postSolution
		{310D23F6-776B-4AC0-8DA2-C0C4A70663DF}.Debug|Any CPU.ActiveCfg = Debug|Any CPU
		{310D23F6-776B-4AC0-8DA2-C0C4A70663DF}.Debug|Any CPU.Build.0 = Debug|Any CPU
		{310D23F6-776B-4AC0-8DA2-C0C4A70663DF}.Release|Any CPU.ActiveCfg = Release|Any CPU
		{310D23F6-776B-4AC0-8DA2-C0C4A70663DF}.Release|Any CPU.Build.0 = Release|Any CPU
		{8EF7E41C-66A2-418B-8B39-9C8CA7B2B910}.Debug|Any CPU.ActiveCfg = Debug|Any CPU
		{8EF7E41C-66A2-418B-8B39-9C8CA7B2B910}.Debug|Any CPU.Build.0 = Debug|Any CPU
		{8EF7E41C-66A2-418B-8B39-9C8CA7B2B910}.Release|Any CPU.ActiveCfg = Release|Any CPU
		{8EF7E41C-66A2-418B-8B39-9C8CA7B2B910}.Release|Any CPU.Build.0 = Release|Any CPU
		{48497565-3041-494D-9BC3-F99167A908A5}.Debug|Any CPU.ActiveCfg = Debug|Any CPU
		{48497565-3041-494D-9BC3-F99167A908A5}.Debug|Any CPU.Build.0 = Debug|Any CPU
		{48497565-3041-494D-9BC3-F99167A908A5}.Release|Any CPU.ActiveCfg = Release|Any CPU
		{48497565-3041-494D-9BC3-F99167A908A5}.Release|Any CPU.Build.0 = Release|Any CPU
		{FE19295C-3F44-4ED6-9AA0-98AAB8A7153A}.Debug|Any CPU.ActiveCfg = Debug|Any CPU
		{FE19295C-3F44-4ED6-9AA0-98AAB8A7153A}.Debug|Any CPU.Build.0 = Debug|Any CPU
		{FE19295C-3F44-4ED6-9AA0-98AAB8A7153A}.Release|Any CPU.ActiveCfg = Release|Any CPU
		{FE19295C-3F44-4ED6-9AA0-98AAB8A7153A}.Release|Any CPU.Build.0 = Release|Any CPU
		{A0AEEB59-F060-462B-97E6-BDD1F468A7A9}.Debug|Any CPU.ActiveCfg = Debug|Any CPU
		{A0AEEB59-F060-462B-97E6-BDD1F468A7A9}.Debug|Any CPU.Build.0 = Debug|Any CPU
		{A0AEEB59-F060-462B-97E6-BDD1F468A7A9}.Release|Any CPU.ActiveCfg = Release|Any CPU
		{A0AEEB59-F060-462B-97E6-BDD1F468A7A9}.Release|Any CPU.Build.0 = Release|Any CPU
		{3FC6CD0C-B0C7-4375-A01F-5BBD200B2028}.Debug|Any CPU.ActiveCfg = Debug|Any CPU
		{3FC6CD0C-B0C7-4375-A01F-5BBD200B2028}.Debug|Any CPU.Build.0 = Debug|Any CPU
		{3FC6CD0C-B0C7-4375-A01F-5BBD200B2028}.Release|Any CPU.ActiveCfg = Release|Any CPU
		{3FC6CD0C-B0C7-4375-A01F-5BBD200B2028}.Release|Any CPU.Build.0 = Release|Any CPU
	EndGlobalSection
	GlobalSection(SolutionProperties) = preSolution
		HideSolutionNode = FALSE
	EndGlobalSection
	GlobalSection(ExtensibilityGlobals) = postSolution
		SolutionGuid = {BAEDF86E-8961-401D-A7EE-1BC40FDC0835}
	EndGlobalSection
EndGlobal
