
Microsoft Visual Studio Solution File, Format Version 12.00
# Visual Studio Version 17
VisualStudioVersion = 17.4.33213.308
MinimumVisualStudioVersion = 10.0.40219.1
Project("{9A19103F-16F7-4668-BE54-9A1E7A4F7556}") = "PetProject", "PetProject.csproj", "{56D26019-B191-4C4E-AD54-834EB1C294D5}"
EndProject
Global
	GlobalSection(SolutionConfigurationPlatforms) = preSolution
		Debug|Any CPU = Debug|Any CPU
		Release|Any CPU = Release|Any CPU
	EndGlobalSection
	GlobalSection(ProjectConfigurationPlatforms) = postSolution
		{56D26019-B191-4C4E-AD54-834EB1C294D5}.Debug|Any CPU.ActiveCfg = Debug|Any CPU
		{56D26019-B191-4C4E-AD54-834EB1C294D5}.Debug|Any CPU.Build.0 = Debug|Any CPU
		{56D26019-B191-4C4E-AD54-834EB1C294D5}.Release|Any CPU.ActiveCfg = Release|Any CPU
		{56D26019-B191-4C4E-AD54-834EB1C294D5}.Release|Any CPU.Build.0 = Release|Any CPU
	EndGlobalSection
	GlobalSection(SolutionProperties) = preSolution
		HideSolutionNode = FALSE
	EndGlobalSection
	GlobalSection(ExtensibilityGlobals) = postSolution
		SolutionGuid = {81F3F52C-FEEE-42F6-B3A1-EC575CECB44F}
	EndGlobalSection
EndGlobal
